
Microsoft Visual Studio Solution File, Format Version 12.00
# Visual Studio 15
VisualStudioVersion = 15.0.28307.572
MinimumVisualStudioVersion = 10.0.40219.1
Project("{FAE04EC0-301F-11D3-BF4B-00C04F79EFBC}") = "WeatherService", "WeatherService\WeatherService.csproj", "{91D89E18-9449-4FCF-8FEE-6B45ED22739F}"
EndProject
Project("{FAE04EC0-301F-11D3-BF4B-00C04F79EFBC}") = "WeatherServiceTest", "WeatherServiceTest\WeatherServiceTest.csproj", "{E3FA0606-C1BC-47FF-A72B-228415E0E325}"
EndProject
Global
	GlobalSection(SolutionConfigurationPlatforms) = preSolution
		Debug|Any CPU = Debug|Any CPU
		Release|Any CPU = Release|Any CPU
	EndGlobalSection
	GlobalSection(ProjectConfigurationPlatforms) = postSolution
		{91D89E18-9449-4FCF-8FEE-6B45ED22739F}.Debug|Any CPU.ActiveCfg = Debug|Any CPU
		{91D89E18-9449-4FCF-8FEE-6B45ED22739F}.Debug|Any CPU.Build.0 = Debug|Any CPU
		{91D89E18-9449-4FCF-8FEE-6B45ED22739F}.Release|Any CPU.ActiveCfg = Release|Any CPU
		{91D89E18-9449-4FCF-8FEE-6B45ED22739F}.Release|Any CPU.Build.0 = Release|Any CPU
		{E3FA0606-C1BC-47FF-A72B-228415E0E325}.Debug|Any CPU.ActiveCfg = Debug|Any CPU
		{E3FA0606-C1BC-47FF-A72B-228415E0E325}.Debug|Any CPU.Build.0 = Debug|Any CPU
		{E3FA0606-C1BC-47FF-A72B-228415E0E325}.Release|Any CPU.ActiveCfg = Release|Any CPU
		{E3FA0606-C1BC-47FF-A72B-228415E0E325}.Release|Any CPU.Build.0 = Release|Any CPU
	EndGlobalSection
	GlobalSection(SolutionProperties) = preSolution
		HideSolutionNode = FALSE
	EndGlobalSection
	GlobalSection(ExtensibilityGlobals) = postSolution
		SolutionGuid = {4708C0DC-7821-40B7-BA8D-783AEAF5EAF5}
	EndGlobalSection
EndGlobal
